// !$*UTF8*$!
{
	archiveVersion = 1;
	classes = {
	};
	objectVersion = 50;
	objects = {

/* Begin PBXBuildFile section */
		3C7B21F426EA48A800926EE3 /* AppDelegate.swift in Sources */ = {isa = PBXBuildFile; fileRef = 3C7B21F326EA48A800926EE3 /* AppDelegate.swift */; };
		3C7B21F626EA48A800926EE3 /* SceneDelegate.swift in Sources */ = {isa = PBXBuildFile; fileRef = 3C7B21F526EA48A800926EE3 /* SceneDelegate.swift */; };
		3C7B21F826EA48A800926EE3 /* CommentsViewController.swift in Sources */ = {isa = PBXBuildFile; fileRef = 3C7B21F726EA48A800926EE3 /* CommentsViewController.swift */; };
		3C7B21FB26EA48A800926EE3 /* Main.storyboard in Resources */ = {isa = PBXBuildFile; fileRef = 3C7B21F926EA48A800926EE3 /* Main.storyboard */; };
		3C7B21FD26EA48AD00926EE3 /* Assets.xcassets in Resources */ = {isa = PBXBuildFile; fileRef = 3C7B21FC26EA48AD00926EE3 /* Assets.xcassets */; };
		3C7B220026EA48AD00926EE3 /* LaunchScreen.storyboard in Resources */ = {isa = PBXBuildFile; fileRef = 3C7B21FE26EA48AD00926EE3 /* LaunchScreen.storyboard */; };
		3C7B221126EA58F700926EE3 /* CommentCell.swift in Sources */ = {isa = PBXBuildFile; fileRef = 3C7B221026EA58F700926EE3 /* CommentCell.swift */; };
		3C7B221326EA5A8E00926EE3 /* Comment.swift in Sources */ = {isa = PBXBuildFile; fileRef = 3C7B221226EA5A8E00926EE3 /* Comment.swift */; };
		3C7B221626EA645100926EE3 /* NetworkService.swift in Sources */ = {isa = PBXBuildFile; fileRef = 3C7B221526EA645100926EE3 /* NetworkService.swift */; };
		3C7B221926EA71CF00926EE3 /* CommantNetworkService.swift in Sources */ = {isa = PBXBuildFile; fileRef = 3C7B221826EA71CF00926EE3 /* CommantNetworkService.swift */; };
		3C7B221B26EA738A00926EE3 /* GetCommentResponse.swift in Sources */ = {isa = PBXBuildFile; fileRef = 3C7B221A26EA738A00926EE3 /* GetCommentResponse.swift */; };
/* End PBXBuildFile section */

/* Begin PBXFileReference section */
		3C7B21F026EA48A800926EE3 /* MVC-N SwiftBookTest.app */ = {isa = PBXFileReference; explicitFileType = wrapper.application; includeInIndex = 0; path = "MVC-N SwiftBookTest.app"; sourceTree = BUILT_PRODUCTS_DIR; };
		3C7B21F326EA48A800926EE3 /* AppDelegate.swift */ = {isa = PBXFileReference; lastKnownFileType = sourcecode.swift; path = AppDelegate.swift; sourceTree = "<group>"; };
		3C7B21F526EA48A800926EE3 /* SceneDelegate.swift */ = {isa = PBXFileReference; lastKnownFileType = sourcecode.swift; path = SceneDelegate.swift; sourceTree = "<group>"; };
		3C7B21F726EA48A800926EE3 /* CommentsViewController.swift */ = {isa = PBXFileReference; lastKnownFileType = sourcecode.swift; path = CommentsViewController.swift; sourceTree = "<group>"; };
		3C7B21FA26EA48A800926EE3 /* Base */ = {isa = PBXFileReference; lastKnownFileType = file.storyboard; name = Base; path = Base.lproj/Main.storyboard; sourceTree = "<group>"; };
		3C7B21FC26EA48AD00926EE3 /* Assets.xcassets */ = {isa = PBXFileReference; lastKnownFileType = folder.assetcatalog; path = Assets.xcassets; sourceTree = "<group>"; };
		3C7B21FF26EA48AD00926EE3 /* Base */ = {isa = PBXFileReference; lastKnownFileType = file.storyboard; name = Base; path = Base.lproj/LaunchScreen.storyboard; sourceTree = "<group>"; };
		3C7B220126EA48AD00926EE3 /* Info.plist */ = {isa = PBXFileReference; lastKnownFileType = text.plist.xml; path = Info.plist; sourceTree = "<group>"; };
		3C7B221026EA58F700926EE3 /* CommentCell.swift */ = {isa = PBXFileReference; lastKnownFileType = sourcecode.swift; path = CommentCell.swift; sourceTree = "<group>"; };
		3C7B221226EA5A8E00926EE3 /* Comment.swift */ = {isa = PBXFileReference; lastKnownFileType = sourcecode.swift; path = Comment.swift; sourceTree = "<group>"; };
		3C7B221526EA645100926EE3 /* NetworkService.swift */ = {isa = PBXFileReference; lastKnownFileType = sourcecode.swift; path = NetworkService.swift; sourceTree = "<group>"; };
		3C7B221826EA71CF00926EE3 /* CommantNetworkService.swift */ = {isa = PBXFileReference; lastKnownFileType = sourcecode.swift; path = CommantNetworkService.swift; sourceTree = "<group>"; };
		3C7B221A26EA738A00926EE3 /* GetCommentResponse.swift */ = {isa = PBXFileReference; lastKnownFileType = sourcecode.swift; path = GetCommentResponse.swift; sourceTree = "<group>"; };
/* End PBXFileReference section */

/* Begin PBXFrameworksBuildPhase section */
		3C7B21ED26EA48A700926EE3 /* Frameworks */ = {
			isa = PBXFrameworksBuildPhase;
			buildActionMask = 2147483647;
			files = (
			);
			runOnlyForDeploymentPostprocessing = 0;
		};
/* End PBXFrameworksBuildPhase section */

/* Begin PBXGroup section */
		3C7B21E726EA48A700926EE3 = {
			isa = PBXGroup;
			children = (
				3C7B21F226EA48A800926EE3 /* MVC-N SwiftBookTest */,
				3C7B21F126EA48A800926EE3 /* Products */,
			);
			sourceTree = "<group>";
		};
		3C7B21F126EA48A800926EE3 /* Products */ = {
			isa = PBXGroup;
			children = (
				3C7B21F026EA48A800926EE3 /* MVC-N SwiftBookTest.app */,
			);
			name = Products;
			sourceTree = "<group>";
		};
		3C7B21F226EA48A800926EE3 /* MVC-N SwiftBookTest */ = {
			isa = PBXGroup;
			children = (
				3C7B220A26EA4A8400926EE3 /* Application */,
				3C7B221426EA642E00926EE3 /* Network Service */,
				3C7B220B26EA4C8100926EE3 /* Comments */,
				3C7B221726EA71A100926EE3 /* Comment Network Service */,
				3C7B220F26EA4D5400926EE3 /* Supporting files */,
			);
			path = "MVC-N SwiftBookTest";
			sourceTree = "<group>";
		};
		3C7B220726EA48CC00926EE3 /* Model */ = {
			isa = PBXGroup;
			children = (
			);
			path = Model;
			sourceTree = "<group>";
		};
		3C7B220826EA48D900926EE3 /* View */ = {
			isa = PBXGroup;
			children = (
				3C7B21FE26EA48AD00926EE3 /* LaunchScreen.storyboard */,
			);
			path = View;
			sourceTree = "<group>";
		};
		3C7B220926EA48E600926EE3 /* Controller */ = {
			isa = PBXGroup;
			children = (
				3C7B21F326EA48A800926EE3 /* AppDelegate.swift */,
				3C7B21F526EA48A800926EE3 /* SceneDelegate.swift */,
			);
			path = Controller;
			sourceTree = "<group>";
		};
		3C7B220A26EA4A8400926EE3 /* Application */ = {
			isa = PBXGroup;
			children = (
				3C7B220726EA48CC00926EE3 /* Model */,
				3C7B220826EA48D900926EE3 /* View */,
				3C7B220926EA48E600926EE3 /* Controller */,
			);
			path = Application;
			sourceTree = "<group>";
		};
		3C7B220B26EA4C8100926EE3 /* Comments */ = {
			isa = PBXGroup;
			children = (
				3C7B220E26EA4CA400926EE3 /* Model */,
				3C7B220D26EA4C9E00926EE3 /* View */,
				3C7B220C26EA4C9400926EE3 /* Controller */,
			);
			path = Comments;
			sourceTree = "<group>";
		};
		3C7B220C26EA4C9400926EE3 /* Controller */ = {
			isa = PBXGroup;
			children = (
				3C7B21F726EA48A800926EE3 /* CommentsViewController.swift */,
			);
			path = Controller;
			sourceTree = "<group>";
		};
		3C7B220D26EA4C9E00926EE3 /* View */ = {
			isa = PBXGroup;
			children = (
				3C7B21F926EA48A800926EE3 /* Main.storyboard */,
				3C7B221026EA58F700926EE3 /* CommentCell.swift */,
			);
			path = View;
			sourceTree = "<group>";
		};
		3C7B220E26EA4CA400926EE3 /* Model */ = {
			isa = PBXGroup;
			children = (
				3C7B221226EA5A8E00926EE3 /* Comment.swift */,
				3C7B221A26EA738A00926EE3 /* GetCommentResponse.swift */,
			);
			path = Model;
			sourceTree = "<group>";
		};
		3C7B220F26EA4D5400926EE3 /* Supporting files */ = {
			isa = PBXGroup;
			children = (
				3C7B21FC26EA48AD00926EE3 /* Assets.xcassets */,
				3C7B220126EA48AD00926EE3 /* Info.plist */,
			);
			path = "Supporting files";
			sourceTree = "<group>";
		};
		3C7B221426EA642E00926EE3 /* Network Service */ = {
			isa = PBXGroup;
			children = (
				3C7B221526EA645100926EE3 /* NetworkService.swift */,
			);
			path = "Network Service";
			sourceTree = "<group>";
		};
		3C7B221726EA71A100926EE3 /* Comment Network Service */ = {
			isa = PBXGroup;
			children = (
				3C7B221826EA71CF00926EE3 /* CommantNetworkService.swift */,
			);
			path = "Comment Network Service";
			sourceTree = "<group>";
		};
/* End PBXGroup section */

/* Begin PBXNativeTarget section */
		3C7B21EF26EA48A700926EE3 /* MVC-N SwiftBookTest */ = {
			isa = PBXNativeTarget;
			buildConfigurationList = 3C7B220426EA48AD00926EE3 /* Build configuration list for PBXNativeTarget "MVC-N SwiftBookTest" */;
			buildPhases = (
				3C7B21EC26EA48A700926EE3 /* Sources */,
				3C7B21ED26EA48A700926EE3 /* Frameworks */,
				3C7B21EE26EA48A700926EE3 /* Resources */,
			);
			buildRules = (
			);
			dependencies = (
			);
			name = "MVC-N SwiftBookTest";
			productName = "MVC-N SwiftBookTest";
			productReference = 3C7B21F026EA48A800926EE3 /* MVC-N SwiftBookTest.app */;
			productType = "com.apple.product-type.application";
		};
/* End PBXNativeTarget section */

/* Begin PBXProject section */
		3C7B21E826EA48A700926EE3 /* Project object */ = {
			isa = PBXProject;
			attributes = {
				LastSwiftUpdateCheck = 1250;
				LastUpgradeCheck = 1250;
				TargetAttributes = {
					3C7B21EF26EA48A700926EE3 = {
						CreatedOnToolsVersion = 12.5.1;
					};
				};
			};
			buildConfigurationList = 3C7B21EB26EA48A700926EE3 /* Build configuration list for PBXProject "MVC-N SwiftBookTest" */;
			compatibilityVersion = "Xcode 9.3";
			developmentRegion = en;
			hasScannedForEncodings = 0;
			knownRegions = (
				en,
				Base,
			);
			mainGroup = 3C7B21E726EA48A700926EE3;
			productRefGroup = 3C7B21F126EA48A800926EE3 /* Products */;
			projectDirPath = "";
			projectRoot = "";
			targets = (
				3C7B21EF26EA48A700926EE3 /* MVC-N SwiftBookTest */,
			);
		};
/* End PBXProject section */

/* Begin PBXResourcesBuildPhase section */
		3C7B21EE26EA48A700926EE3 /* Resources */ = {
			isa = PBXResourcesBuildPhase;
			buildActionMask = 2147483647;
			files = (
				3C7B220026EA48AD00926EE3 /* LaunchScreen.storyboard in Resources */,
				3C7B21FD26EA48AD00926EE3 /* Assets.xcassets in Resources */,
				3C7B21FB26EA48A800926EE3 /* Main.storyboard in Resources */,
			);
			runOnlyForDeploymentPostprocessing = 0;
		};
/* End PBXResourcesBuildPhase section */

/* Begin PBXSourcesBuildPhase section */
		3C7B21EC26EA48A700926EE3 /* Sources */ = {
			isa = PBXSourcesBuildPhase;
			buildActionMask = 2147483647;
			files = (
				3C7B221326EA5A8E00926EE3 /* Comment.swift in Sources */,
				3C7B21F826EA48A800926EE3 /* CommentsViewController.swift in Sources */,
				3C7B21F426EA48A800926EE3 /* AppDelegate.swift in Sources */,
				3C7B21F626EA48A800926EE3 /* SceneDelegate.swift in Sources */,
				3C7B221926EA71CF00926EE3 /* CommantNetworkService.swift in Sources */,
				3C7B221B26EA738A00926EE3 /* GetCommentResponse.swift in Sources */,
				3C7B221626EA645100926EE3 /* NetworkService.swift in Sources */,
				3C7B221126EA58F700926EE3 /* CommentCell.swift in Sources */,
			);
			runOnlyForDeploymentPostprocessing = 0;
		};
/* End PBXSourcesBuildPhase section */

/* Begin PBXVariantGroup section */
		3C7B21F926EA48A800926EE3 /* Main.storyboard */ = {
			isa = PBXVariantGroup;
			children = (
				3C7B21FA26EA48A800926EE3 /* Base */,
			);
			name = Main.storyboard;
			sourceTree = "<group>";
		};
		3C7B21FE26EA48AD00926EE3 /* LaunchScreen.storyboard */ = {
			isa = PBXVariantGroup;
			children = (
				3C7B21FF26EA48AD00926EE3 /* Base */,
			);
			name = LaunchScreen.storyboard;
			sourceTree = "<group>";
		};
/* End PBXVariantGroup section */

/* Begin XCBuildConfiguration section */
		3C7B220226EA48AD00926EE3 /* Debug */ = {
			isa = XCBuildConfiguration;
			buildSettings = {
				ALWAYS_SEARCH_USER_PATHS = NO;
				CLANG_ANALYZER_NONNULL = YES;
				CLANG_ANALYZER_NUMBER_OBJECT_CONVERSION = YES_AGGRESSIVE;
				CLANG_CXX_LANGUAGE_STANDARD = "gnu++14";
				CLANG_CXX_LIBRARY = "libc++";
				CLANG_ENABLE_MODULES = YES;
				CLANG_ENABLE_OBJC_ARC = YES;
				CLANG_ENABLE_OBJC_WEAK = YES;
				CLANG_WARN_BLOCK_CAPTURE_AUTORELEASING = YES;
				CLANG_WARN_BOOL_CONVERSION = YES;
				CLANG_WARN_COMMA = YES;
				CLANG_WARN_CONSTANT_CONVERSION = YES;
				CLANG_WARN_DEPRECATED_OBJC_IMPLEMENTATIONS = YES;
				CLANG_WARN_DIRECT_OBJC_ISA_USAGE = YES_ERROR;
				CLANG_WARN_DOCUMENTATION_COMMENTS = YES;
				CLANG_WARN_EMPTY_BODY = YES;
				CLANG_WARN_ENUM_CONVERSION = YES;
				CLANG_WARN_INFINITE_RECURSION = YES;
				CLANG_WARN_INT_CONVERSION = YES;
				CLANG_WARN_NON_LITERAL_NULL_CONVERSION = YES;
				CLANG_WARN_OBJC_IMPLICIT_RETAIN_SELF = YES;
				CLANG_WARN_OBJC_LITERAL_CONVERSION = YES;
				CLANG_WARN_OBJC_ROOT_CLASS = YES_ERROR;
				CLANG_WARN_QUOTED_INCLUDE_IN_FRAMEWORK_HEADER = YES;
				CLANG_WARN_RANGE_LOOP_ANALYSIS = YES;
				CLANG_WARN_STRICT_PROTOTYPES = YES;
				CLANG_WARN_SUSPICIOUS_MOVE = YES;
				CLANG_WARN_UNGUARDED_AVAILABILITY = YES_AGGRESSIVE;
				CLANG_WARN_UNREACHABLE_CODE = YES;
				CLANG_WARN__DUPLICATE_METHOD_MATCH = YES;
				COPY_PHASE_STRIP = NO;
				DEBUG_INFORMATION_FORMAT = dwarf;
				ENABLE_STRICT_OBJC_MSGSEND = YES;
				ENABLE_TESTABILITY = YES;
				GCC_C_LANGUAGE_STANDARD = gnu11;
				GCC_DYNAMIC_NO_PIC = NO;
				GCC_NO_COMMON_BLOCKS = YES;
				GCC_OPTIMIZATION_LEVEL = 0;
				GCC_PREPROCESSOR_DEFINITIONS = (
					"DEBUG=1",
					"$(inherited)",
				);
				GCC_WARN_64_TO_32_BIT_CONVERSION = YES;
				GCC_WARN_ABOUT_RETURN_TYPE = YES_ERROR;
				GCC_WARN_UNDECLARED_SELECTOR = YES;
				GCC_WARN_UNINITIALIZED_AUTOS = YES_AGGRESSIVE;
				GCC_WARN_UNUSED_FUNCTION = YES;
				GCC_WARN_UNUSED_VARIABLE = YES;
				IPHONEOS_DEPLOYMENT_TARGET = 14.5;
				MTL_ENABLE_DEBUG_INFO = INCLUDE_SOURCE;
				MTL_FAST_MATH = YES;
				ONLY_ACTIVE_ARCH = YES;
				SDKROOT = iphoneos;
				SWIFT_ACTIVE_COMPILATION_CONDITIONS = DEBUG;
				SWIFT_OPTIMIZATION_LEVEL = "-Onone";
			};
			name = Debug;
		};
		3C7B220326EA48AD00926EE3 /* Release */ = {
			isa = XCBuildConfiguration;
			buildSettings = {
				ALWAYS_SEARCH_USER_PATHS = NO;
				CLANG_ANALYZER_NONNULL = YES;
				CLANG_ANALYZER_NUMBER_OBJECT_CONVERSION = YES_AGGRESSIVE;
				CLANG_CXX_LANGUAGE_STANDARD = "gnu++14";
				CLANG_CXX_LIBRARY = "libc++";
				CLANG_ENABLE_MODULES = YES;
				CLANG_ENABLE_OBJC_ARC = YES;
				CLANG_ENABLE_OBJC_WEAK = YES;
				CLANG_WARN_BLOCK_CAPTURE_AUTORELEASING = YES;
				CLANG_WARN_BOOL_CONVERSION = YES;
				CLANG_WARN_COMMA = YES;
				CLANG_WARN_CONSTANT_CONVERSION = YES;
				CLANG_WARN_DEPRECATED_OBJC_IMPLEMENTATIONS = YES;
				CLANG_WARN_DIRECT_OBJC_ISA_USAGE = YES_ERROR;
				CLANG_WARN_DOCUMENTATION_COMMENTS = YES;
				CLANG_WARN_EMPTY_BODY = YES;
				CLANG_WARN_ENUM_CONVERSION = YES;
				CLANG_WARN_INFINITE_RECURSION = YES;
				CLANG_WARN_INT_CONVERSION = YES;
				CLANG_WARN_NON_LITERAL_NULL_CONVERSION = YES;
				CLANG_WARN_OBJC_IMPLICIT_RETAIN_SELF = YES;
				CLANG_WARN_OBJC_LITERAL_CONVERSION = YES;
				CLANG_WARN_OBJC_ROOT_CLASS = YES_ERROR;
				CLANG_WARN_QUOTED_INCLUDE_IN_FRAMEWORK_HEADER = YES;
				CLANG_WARN_RANGE_LOOP_ANALYSIS = YES;
				CLANG_WARN_STRICT_PROTOTYPES = YES;
				CLANG_WARN_SUSPICIOUS_MOVE = YES;
				CLANG_WARN_UNGUARDED_AVAILABILITY = YES_AGGRESSIVE;
				CLANG_WARN_UNREACHABLE_CODE = YES;
				CLANG_WARN__DUPLICATE_METHOD_MATCH = YES;
				COPY_PHASE_STRIP = NO;
				DEBUG_INFORMATION_FORMAT = "dwarf-with-dsym";
				ENABLE_NS_ASSERTIONS = NO;
				ENABLE_STRICT_OBJC_MSGSEND = YES;
				GCC_C_LANGUAGE_STANDARD = gnu11;
				GCC_NO_COMMON_BLOCKS = YES;
				GCC_WARN_64_TO_32_BIT_CONVERSION = YES;
				GCC_WARN_ABOUT_RETURN_TYPE = YES_ERROR;
				GCC_WARN_UNDECLARED_SELECTOR = YES;
				GCC_WARN_UNINITIALIZED_AUTOS = YES_AGGRESSIVE;
				GCC_WARN_UNUSED_FUNCTION = YES;
				GCC_WARN_UNUSED_VARIABLE = YES;
				IPHONEOS_DEPLOYMENT_TARGET = 14.5;
				MTL_ENABLE_DEBUG_INFO = NO;
				MTL_FAST_MATH = YES;
				SDKROOT = iphoneos;
				SWIFT_COMPILATION_MODE = wholemodule;
				SWIFT_OPTIMIZATION_LEVEL = "-O";
				VALIDATE_PRODUCT = YES;
			};
			name = Release;
		};
		3C7B220526EA48AD00926EE3 /* Debug */ = {
			isa = XCBuildConfiguration;
			buildSettings = {
				ASSETCATALOG_COMPILER_APPICON_NAME = AppIcon;
				ASSETCATALOG_COMPILER_GLOBAL_ACCENT_COLOR_NAME = AccentColor;
				CODE_SIGN_STYLE = Automatic;
				DEVELOPMENT_TEAM = RQYPG8XK25;
				INFOPLIST_FILE = "MVC-N SwiftBookTest/Supporting files/Info.plist";
				LD_RUNPATH_SEARCH_PATHS = (
					"$(inherited)",
					"@executable_path/Frameworks",
				);
				PRODUCT_BUNDLE_IDENTIFIER = "ckost9n.MVC-N-SwiftBookTest";
				PRODUCT_NAME = "$(TARGET_NAME)";
				SWIFT_VERSION = 5.0;
				TARGETED_DEVICE_FAMILY = "1,2";
			};
			name = Debug;
		};
		3C7B220626EA48AD00926EE3 /* Release */ = {
			isa = XCBuildConfiguration;
			buildSettings = {
				ASSETCATALOG_COMPILER_APPICON_NAME = AppIcon;
				ASSETCATALOG_COMPILER_GLOBAL_ACCENT_COLOR_NAME = AccentColor;
				CODE_SIGN_STYLE = Automatic;
				DEVELOPMENT_TEAM = RQYPG8XK25;
				INFOPLIST_FILE = "MVC-N SwiftBookTest/Supporting files/Info.plist";
				LD_RUNPATH_SEARCH_PATHS = (
					"$(inherited)",
					"@executable_path/Frameworks",
				);
				PRODUCT_BUNDLE_IDENTIFIER = "ckost9n.MVC-N-SwiftBookTest";
				PRODUCT_NAME = "$(TARGET_NAME)";
				SWIFT_VERSION = 5.0;
				TARGETED_DEVICE_FAMILY = "1,2";
			};
			name = Release;
		};
/* End XCBuildConfiguration section */

/* Begin XCConfigurationList section */
		3C7B21EB26EA48A700926EE3 /* Build configuration list for PBXProject "MVC-N SwiftBookTest" */ = {
			isa = XCConfigurationList;
			buildConfigurations = (
				3C7B220226EA48AD00926EE3 /* Debug */,
				3C7B220326EA48AD00926EE3 /* Release */,
			);
			defaultConfigurationIsVisible = 0;
			defaultConfigurationName = Release;
		};
		3C7B220426EA48AD00926EE3 /* Build configuration list for PBXNativeTarget "MVC-N SwiftBookTest" */ = {
			isa = XCConfigurationList;
			buildConfigurations = (
				3C7B220526EA48AD00926EE3 /* Debug */,
				3C7B220626EA48AD00926EE3 /* Release */,
			);
			defaultConfigurationIsVisible = 0;
			defaultConfigurationName = Release;
		};
/* End XCConfigurationList section */
	};
	rootObject = 3C7B21E826EA48A700926EE3 /* Project object */;
}
